
Microsoft Visual Studio Solution File, Format Version 12.00
# Visual Studio Version 17
VisualStudioVersion = 17.12.35707.178 d17.12
MinimumVisualStudioVersion = 10.0.40219.1
Project("{FAE04EC0-301F-11D3-BF4B-00C04F79EFBC}") = "TicketBooking", "TicketBooking\TicketBooking.csproj", "{9C592FC2-B6F8-42DA-8CC2-EFCA3B6908C1}"
EndProject
Project("{FAE04EC0-301F-11D3-BF4B-00C04F79EFBC}") = "TicketBooking.Tests", "TicketBooking.Tests\TicketBooking.Tests.csproj", "{93227E60-48C3-4CAF-BC8D-1474DDB35EAA}"
EndProject
Project("{FAE04EC0-301F-11D3-BF4B-00C04F79EFBC}") = "TicketBookingCore", "TicketBookingCore\TicketBookingCore.csproj", "{97D7F02E-2191-44E1-A7DB-EEBB2003CA59}"
EndProject
Global
	GlobalSection(SolutionConfigurationPlatforms) = preSolution
		Debug|Any CPU = Debug|Any CPU
		Release|Any CPU = Release|Any CPU
	EndGlobalSection
	GlobalSection(ProjectConfigurationPlatforms) = postSolution
		{9C592FC2-B6F8-42DA-8CC2-EFCA3B6908C1}.Debug|Any CPU.ActiveCfg = Debug|Any CPU
		{9C592FC2-B6F8-42DA-8CC2-EFCA3B6908C1}.Debug|Any CPU.Build.0 = Debug|Any CPU
		{9C592FC2-B6F8-42DA-8CC2-EFCA3B6908C1}.Release|Any CPU.ActiveCfg = Release|Any CPU
		{9C592FC2-B6F8-42DA-8CC2-EFCA3B6908C1}.Release|Any CPU.Build.0 = Release|Any CPU
		{93227E60-48C3-4CAF-BC8D-1474DDB35EAA}.Debug|Any CPU.ActiveCfg = Debug|Any CPU
		{93227E60-48C3-4CAF-BC8D-1474DDB35EAA}.Debug|Any CPU.Build.0 = Debug|Any CPU
		{93227E60-48C3-4CAF-BC8D-1474DDB35EAA}.Release|Any CPU.ActiveCfg = Release|Any CPU
		{93227E60-48C3-4CAF-BC8D-1474DDB35EAA}.Release|Any CPU.Build.0 = Release|Any CPU
		{97D7F02E-2191-44E1-A7DB-EEBB2003CA59}.Debug|Any CPU.ActiveCfg = Debug|Any CPU
		{97D7F02E-2191-44E1-A7DB-EEBB2003CA59}.Debug|Any CPU.Build.0 = Debug|Any CPU
		{97D7F02E-2191-44E1-A7DB-EEBB2003CA59}.Release|Any CPU.ActiveCfg = Release|Any CPU
		{97D7F02E-2191-44E1-A7DB-EEBB2003CA59}.Release|Any CPU.Build.0 = Release|Any CPU
	EndGlobalSection
	GlobalSection(SolutionProperties) = preSolution
		HideSolutionNode = FALSE
	EndGlobalSection
EndGlobal
